
Microsoft Visual Studio Solution File, Format Version 12.00
# Visual Studio Version 17
VisualStudioVersion = 17.10.35013.160
MinimumVisualStudioVersion = 10.0.40219.1
Project("{FAE04EC0-301F-11D3-BF4B-00C04F79EFBC}") = "BMICalculator", "BMICalculator.csproj", "{EC19CBE9-E82F-4B4A-9D47-3A41D0ED1A4F}"
EndProject
Global
	GlobalSection(SolutionConfigurationPlatforms) = preSolution
		Debug|Any CPU = Debug|Any CPU
		Release|Any CPU = Release|Any CPU
	EndGlobalSection
	GlobalSection(ProjectConfigurationPlatforms) = postSolution
		{EC19CBE9-E82F-4B4A-9D47-3A41D0ED1A4F}.Debug|Any CPU.ActiveCfg = Debug|Any CPU
		{EC19CBE9-E82F-4B4A-9D47-3A41D0ED1A4F}.Debug|Any CPU.Build.0 = Debug|Any CPU
		{EC19CBE9-E82F-4B4A-9D47-3A41D0ED1A4F}.Release|Any CPU.ActiveCfg = Release|Any CPU
		{EC19CBE9-E82F-4B4A-9D47-3A41D0ED1A4F}.Release|Any CPU.Build.0 = Release|Any CPU
	EndGlobalSection
	GlobalSection(SolutionProperties) = preSolution
		HideSolutionNode = FALSE
	EndGlobalSection
	GlobalSection(ExtensibilityGlobals) = postSolution
		SolutionGuid = {EFD1D244-99D4-429F-A123-158F06B9D253}
	EndGlobalSection
EndGlobal
